version = 1
revision = 3
requires-python = ">=3.11"

[[package]]
name = "anyio"
version = "4.11.0"
source = { registry = "https://pypi.org/simple" }
dependencies = [
    { name = "idna" },
    { name = "sniffio" },
    { name = "typing-extensions", marker = "python_full_version < '3.13'" },
]
sdist = { url = "https://files.pythonhosted.org/packages/c6/78/7d432127c41b50bccba979505f272c16cbcadcc33645d5fa3a738110ae75/anyio-4.11.0.tar.gz", hash = "sha256:82a8d0b81e318cc5ce71a5f1f8b5c4e63619620b63141ef8c995fa0db95a57c4", size = 219094, upload-time = "2025-09-23T09:19:12.58Z" }
wheels = [
    { url = "https://files.pythonhosted.org/packages/15/b3/9b1a8074496371342ec1e796a96f99c82c945a339cd81a8e73de28b4cf9e/anyio-4.11.0-py3-none-any.whl", hash = "sha256:0287e96f4d26d4149305414d4e3bc32f0dcd0862365a4bddea19d7a1ec38c4fc", size = 109097, upload-time = "2025-09-23T09:19:10.601Z" },
]

[[package]]
name = "certifi"
version = "2025.10.5"
source = { registry = "https://pypi.org/simple" }
sdist = { url = "https://files.pythonhosted.org/packages/4c/5b/b6ce21586237c77ce67d01dc5507039d444b630dd76611bbca2d8e5dcd91/certifi-2025.10.5.tar.gz", hash = "sha256:47c09d31ccf2acf0be3f701ea53595ee7e0b8fa08801c6624be771df09ae7b43", size = 164519, upload-time = "2025-10-05T04:12:15.808Z" }
wheels = [
    { url = "https://files.pythonhosted.org/packages/e4/37/af0d2ef3967ac0d6113837b44a4f0bfe1328c2b9763bd5b1744520e5cfed/certifi-2025.10.5-py3-none-any.whl", hash = "sha256:0f212c2744a9bb6de0c56639a6f68afe01ecd92d91f14ae897c4fe7bbeeef0de", size = 163286, upload-time = "2025-10-05T04:12:14.03Z" },
]

[[package]]
name = "duckdb"
version = "1.4.1"
source = { registry = "https://pypi.org/simple" }
sdist = { url = "https://files.pythonhosted.org/packages/ea/e7/21cf50a3d52ffceee1f0bcc3997fa96a5062e6bab705baee4f6c4e33cce5/duckdb-1.4.1.tar.gz", hash = "sha256:f903882f045d057ebccad12ac69975952832edfe133697694854bb784b8d6c76", size = 18461687, upload-time = "2025-10-07T10:37:28.605Z" }
wheels = [
    { url = "https://files.pythonhosted.org/packages/d9/52/606f13fa9669a24166d2fe523e28982d8ef9039874b4de774255c7806d1f/duckdb-1.4.1-cp311-cp311-macosx_10_9_universal2.whl", hash = "sha256:605d563c1d5203ca992497cd33fb386ac3d533deca970f9dcf539f62a34e22a9", size = 29065894, upload-time = "2025-10-07T10:36:29.837Z" },
    { url = "https://files.pythonhosted.org/packages/84/57/138241952ece868b9577e607858466315bed1739e1fbb47205df4dfdfd88/duckdb-1.4.1-cp311-cp311-macosx_10_9_x86_64.whl", hash = "sha256:d3305c7c4b70336171de7adfdb50431f23671c000f11839b580c4201d9ce6ef5", size = 16163720, upload-time = "2025-10-07T10:36:32.241Z" },
    { url = "https://files.pythonhosted.org/packages/a3/81/afa3a0a78498a6f4acfea75c48a70c5082032d9ac87822713d7c2d164af1/duckdb-1.4.1-cp311-cp311-macosx_11_0_arm64.whl", hash = "sha256:a063d6febbe34b32f1ad2e68822db4d0e4b1102036f49aaeeb22b844427a75df", size = 13756223, upload-time = "2025-10-07T10:36:34.673Z" },
    { url = "https://files.pythonhosted.org/packages/47/dd/5f6064fbd9248e37a3e806a244f81e0390ab8f989d231b584fb954f257fc/duckdb-1.4.1-cp311-cp311-manylinux_2_27_aarch64.manylinux_2_28_aarch64.whl", hash = "sha256:d1ffcaaf74f7d1df3684b54685cbf8d3ce732781c541def8e1ced304859733ae", size = 18487022, upload-time = "2025-10-07T10:36:36.759Z" },
    { url = "https://files.pythonhosted.org/packages/a1/10/b54969a1c42fd9344ad39228d671faceb8aa9f144b67cd9531a63551757f/duckdb-1.4.1-cp311-cp311-manylinux_2_27_x86_64.manylinux_2_28_x86_64.whl", hash = "sha256:685d3d1599dc08160e0fa0cf09e93ac4ff8b8ed399cb69f8b5391cd46b5b207c", size = 20491004, upload-time = "2025-10-07T10:36:39.318Z" },
    { url = "https://files.pythonhosted.org/packages/ed/d5/7332ae8f804869a4e895937821b776199a283f8d9fc775fd3ae5a0558099/duckdb-1.4.1-cp311-cp311-win_amd64.whl", hash = "sha256:78f1d28a15ae73bd449c43f80233732adffa49be1840a32de8f1a6bb5b286764", size = 12327619, upload-time = "2025-10-07T10:36:41.509Z" },
    { url = "https://files.pythonhosted.org/packages/0e/6c/906a3fe41cd247b5638866fc1245226b528de196588802d4df4df1e6e819/duckdb-1.4.1-cp312-cp312-macosx_10_13_universal2.whl", hash = "sha256:cd1765a7d180b7482874586859fc23bc9969d7d6c96ced83b245e6c6f49cde7f", size = 29076820, upload-time = "2025-10-07T10:36:43.782Z" },
    { url = "https://files.pythonhosted.org/packages/66/c7/01dd33083f01f618c2a29f6dd068baf16945b8cbdb132929d3766610bbbb/duckdb-1.4.1-cp312-cp312-macosx_10_13_x86_64.whl", hash = "sha256:8ed7a86725185470953410823762956606693c0813bb64e09c7d44dbd9253a64", size = 16167558, upload-time = "2025-10-07T10:36:46.003Z" },
    { url = "https://files.pythonhosted.org/packages/81/e2/f983b4b7ae1dfbdd2792dd31dee9a0d35f88554452cbfc6c9d65e22fdfa9/duckdb-1.4.1-cp312-cp312-macosx_11_0_arm64.whl", hash = "sha256:8a189bdfc64cfb9cc1adfbe4f2dcfde0a4992ec08505ad8ce33c886e4813f0bf", size = 13762226, upload-time = "2025-10-07T10:36:48.55Z" },
    { url = "https://files.pythonhosted.org/packages/ed/34/fb69a7be19b90f573b3cc890961be7b11870b77514769655657514f10a98/duckdb-1.4.1-cp312-cp312-manylinux_2_27_aarch64.manylinux_2_28_aarch64.whl", hash = "sha256:a9090089b6486f7319c92acdeed8acda022d4374032d78a465956f50fc52fabf", size = 18500901, upload-time = "2025-10-07T10:36:52.445Z" },
    { url = "https://files.pythonhosted.org/packages/e4/a5/1395d7b49d5589e85da9a9d7ffd8b50364c9d159c2807bef72d547f0ad1e/duckdb-1.4.1-cp312-cp312-manylinux_2_27_x86_64.manylinux_2_28_x86_64.whl", hash = "sha256:142552ea3e768048e0e8c832077a545ca07792631c59edaee925e3e67401c2a0", size = 20514177, upload-time = "2025-10-07T10:36:55.358Z" },
    { url = "https://files.pythonhosted.org/packages/c0/21/08f10706d30252753349ec545833fc0cea67c11abd0b5223acf2827f1056/duckdb-1.4.1-cp312-cp312-win_amd64.whl", hash = "sha256:567f3b3a785a9e8650612461893c49ca799661d2345a6024dda48324ece89ded", size = 12336422, upload-time = "2025-10-07T10:36:57.521Z" },
    { url = "https://files.pythonhosted.org/packages/d7/08/705988c33e38665c969f7876b3ca4328be578554aa7e3dc0f34158da3e64/duckdb-1.4.1-cp313-cp313-macosx_10_13_universal2.whl", hash = "sha256:46496a2518752ae0c6c5d75d4cdecf56ea23dd098746391176dd8e42cf157791", size = 29077070, upload-time = "2025-10-07T10:36:59.83Z" },
    { url = "https://files.pythonhosted.org/packages/99/c5/7c9165f1e6b9069441bcda4da1e19382d4a2357783d37ff9ae238c5c41ac/duckdb-1.4.1-cp313-cp313-macosx_10_13_x86_64.whl", hash = "sha256:1c65ae7e9b541cea07d8075343bcfebdecc29a3c0481aa6078ee63d51951cfcd", size = 16167506, upload-time = "2025-10-07T10:37:02.24Z" },
    { url = "https://files.pythonhosted.org/packages/38/46/267f4a570a0ee3ae6871ddc03435f9942884284e22a7ba9b7cb252ee69b6/duckdb-1.4.1-cp313-cp313-macosx_11_0_arm64.whl", hash = "sha256:598d1a314e34b65d9399ddd066ccce1eeab6a60a2ef5885a84ce5ed62dbaf729", size = 13762330, upload-time = "2025-10-07T10:37:04.581Z" },
    { url = "https://files.pythonhosted.org/packages/15/7b/c4f272a40c36d82df20937d93a1780eb39ab0107fe42b62cba889151eab9/duckdb-1.4.1-cp313-cp313-manylinux_2_27_aarch64.manylinux_2_28_aarch64.whl", hash = "sha256:e2f16b8def782d484a9f035fc422bb6f06941ed0054b4511ddcdc514a7fb6a75", size = 18504687, upload-time = "2025-10-07T10:37:06.991Z" },
    { url = "https://files.pythonhosted.org/packages/17/fc/9b958751f0116d7b0406406b07fa6f5a10c22d699be27826d0b896f9bf51/duckdb-1.4.1-cp313-cp313-manylinux_2_27_x86_64.manylinux_2_28_x86_64.whl", hash = "sha256:a5a7d0aed068a5c33622a8848857947cab5cfb3f2a315b1251849bac2c74c492", size = 20513823, upload-time = "2025-10-07T10:37:09.349Z" },
    { url = "https://files.pythonhosted.org/packages/30/79/4f544d73fcc0513b71296cb3ebb28a227d22e80dec27204977039b9fa875/duckdb-1.4.1-cp313-cp313-win_amd64.whl", hash = "sha256:280fd663dacdd12bb3c3bf41f3e5b2e5b95e00b88120afabb8b8befa5f335c6f", size = 12336460, upload-time = "2025-10-07T10:37:12.154Z" },
]

[[package]]
name = "h11"
version = "0.16.0"
source = { registry = "https://pypi.org/simple" }
sdist = { url = "https://files.pythonhosted.org/packages/01/ee/02a2c011bdab74c6fb3c75474d40b3052059d95df7e73351460c8588d963/h11-0.16.0.tar.gz", hash = "sha256:4e35b956cf45792e4caa5885e69fba00bdbc6ffafbfa020300e549b208ee5ff1", size = 101250, upload-time = "2025-04-24T03:35:25.427Z" }
wheels = [
    { url = "https://files.pythonhosted.org/packages/04/4b/29cac41a4d98d144bf5f6d33995617b185d14b22401f75ca86f384e87ff1/h11-0.16.0-py3-none-any.whl", hash = "sha256:63cf8bbe7522de3bf65932fda1d9c2772064ffb3dae62d55932da54b31cb6c86", size = 37515, upload-time = "2025-04-24T03:35:24.344Z" },
]

[[package]]
name = "httpcore"
version = "1.0.9"
source = { registry = "https://pypi.org/simple" }
dependencies = [
    { name = "certifi" },
    { name = "h11" },
]
sdist = { url = "https://files.pythonhosted.org/packages/06/94/82699a10bca87a5556c9c59b5963f2d039dbd239f25bc2a63907a05a14cb/httpcore-1.0.9.tar.gz", hash = "sha256:6e34463af53fd2ab5d807f399a9b45ea31c3dfa2276f15a2c3f00afff6e176e8", size = 85484, upload-time = "2025-04-24T22:06:22.219Z" }
wheels = [
    { url = "https://files.pythonhosted.org/packages/7e/f5/f66802a942d491edb555dd61e3a9961140fd64c90bce1eafd741609d334d/httpcore-1.0.9-py3-none-any.whl", hash = "sha256:2d400746a40668fc9dec9810239072b40b4484b640a8c38fd654a024c7a1bf55", size = 78784, upload-time = "2025-04-24T22:06:20.566Z" },
]

[[package]]
name = "httpx"
version = "0.28.1"
source = { registry = "https://pypi.org/simple" }
dependencies = [
    { name = "anyio" },
    { name = "certifi" },
    { name = "httpcore" },
    { name = "idna" },
]
sdist = { url = "https://files.pythonhosted.org/packages/b1/df/48c586a5fe32a0f01324ee087459e112ebb7224f646c0b5023f5e79e9956/httpx-0.28.1.tar.gz", hash = "sha256:75e98c5f16b0f35b567856f597f06ff2270a374470a5c2392242528e3e3e42fc", size = 141406, upload-time = "2024-12-06T15:37:23.222Z" }
wheels = [
    { url = "https://files.pythonhosted.org/packages/2a/39/e50c7c3a983047577ee07d2a9e53faf5a69493943ec3f6a384bdc792deb2/httpx-0.28.1-py3-none-any.whl", hash = "sha256:d909fcccc110f8c7faf814ca82a9a4d816bc5a6dbfea25d6591d6985b8ba59ad", size = 73517, upload-time = "2024-12-06T15:37:21.509Z" },
]

[[package]]
name = "idna"
version = "3.10"
source = { registry = "https://pypi.org/simple" }
sdist = { url = "https://files.pythonhosted.org/packages/f1/70/7703c29685631f5a7590aa73f1f1d3fa9a380e654b86af429e0934a32f7d/idna-3.10.tar.gz", hash = "sha256:12f65c9b470abda6dc35cf8e63cc574b1c52b11df2c86030af0ac09b01b13ea9", size = 190490, upload-time = "2024-09-15T18:07:39.745Z" }
wheels = [
    { url = "https://files.pythonhosted.org/packages/76/c6/c88e154df9c4e1a2a66ccf0005a88dfb2650c1dffb6f5ce603dfbd452ce3/idna-3.10-py3-none-any.whl", hash = "sha256:946d195a0d259cbba61165e88e65941f16e9b36ea6ddb97f00452bae8b1287d3", size = 70442, upload-time = "2024-09-15T18:07:37.964Z" },
]

[[package]]
name = "invoice-search-jp"
version = "0.1.1"
source = { editable = "." }
dependencies = [
    { name = "duckdb" },
    { name = "httpx" },
    { name = "rich" },
]

[package.metadata]
requires-dist = [
    { name = "duckdb", specifier = ">=1.0.0" },
    { name = "httpx", specifier = ">=0.27.0" },
    { name = "rich", specifier = ">=13.0.0" },
]

[[package]]
name = "markdown-it-py"
version = "4.0.0"
source = { registry = "https://pypi.org/simple" }
dependencies = [
    { name = "mdurl" },
]
sdist = { url = "https://files.pythonhosted.org/packages/5b/f5/4ec618ed16cc4f8fb3b701563655a69816155e79e24a17b651541804721d/markdown_it_py-4.0.0.tar.gz", hash = "sha256:cb0a2b4aa34f932c007117b194e945bd74e0ec24133ceb5bac59009cda1cb9f3", size = 73070, upload-time = "2025-08-11T12:57:52.854Z" }
wheels = [
    { url = "https://files.pythonhosted.org/packages/94/54/e7d793b573f298e1c9013b8c4dade17d481164aa517d1d7148619c2cedbf/markdown_it_py-4.0.0-py3-none-any.whl", hash = "sha256:87327c59b172c5011896038353a81343b6754500a08cd7a4973bb48c6d578147", size = 87321, upload-time = "2025-08-11T12:57:51.923Z" },
]

[[package]]
name = "mdurl"
version = "0.1.2"
source = { registry = "https://pypi.org/simple" }
sdist = { url = "https://files.pythonhosted.org/packages/d6/54/cfe61301667036ec958cb99bd3efefba235e65cdeb9c84d24a8293ba1d90/mdurl-0.1.2.tar.gz", hash = "sha256:bb413d29f5eea38f31dd4754dd7377d4465116fb207585f97bf925588687c1ba", size = 8729, upload-time = "2022-08-14T12:40:10.846Z" }
wheels = [
    { url = "https://files.pythonhosted.org/packages/b3/38/89ba8ad64ae25be8de66a6d463314cf1eb366222074cfda9ee839c56a4b4/mdurl-0.1.2-py3-none-any.whl", hash = "sha256:84008a41e51615a49fc9966191ff91509e3c40b939176e643fd50a5c2196b8f8", size = 9979, upload-time = "2022-08-14T12:40:09.779Z" },
]

[[package]]
name = "pygments"
version = "2.19.2"
source = { registry = "https://pypi.org/simple" }
sdist = { url = "https://files.pythonhosted.org/packages/b0/77/a5b8c569bf593b0140bde72ea885a803b82086995367bf2037de0159d924/pygments-2.19.2.tar.gz", hash = "sha256:636cb2477cec7f8952536970bc533bc43743542f70392ae026374600add5b887", size = 4968631, upload-time = "2025-06-21T13:39:12.283Z" }
wheels = [
    { url = "https://files.pythonhosted.org/packages/c7/21/705964c7812476f378728bdf590ca4b771ec72385c533964653c68e86bdc/pygments-2.19.2-py3-none-any.whl", hash = "sha256:86540386c03d588bb81d44bc3928634ff26449851e99741617ecb9037ee5ec0b", size = 1225217, upload-time = "2025-06-21T13:39:07.939Z" },
]

[[package]]
name = "rich"
version = "14.2.0"
source = { registry = "https://pypi.org/simple" }
dependencies = [
    { name = "markdown-it-py" },
    { name = "pygments" },
]
sdist = { url = "https://files.pythonhosted.org/packages/fb/d2/8920e102050a0de7bfabeb4c4614a49248cf8d5d7a8d01885fbb24dc767a/rich-14.2.0.tar.gz", hash = "sha256:73ff50c7c0c1c77c8243079283f4edb376f0f6442433aecb8ce7e6d0b92d1fe4", size = 219990, upload-time = "2025-10-09T14:16:53.064Z" }
wheels = [
    { url = "https://files.pythonhosted.org/packages/25/7a/b0178788f8dc6cafce37a212c99565fa1fe7872c70c6c9c1e1a372d9d88f/rich-14.2.0-py3-none-any.whl", hash = "sha256:76bc51fe2e57d2b1be1f96c524b890b816e334ab4c1e45888799bfaab0021edd", size = 243393, upload-time = "2025-10-09T14:16:51.245Z" },
]

[[package]]
name = "sniffio"
version = "1.3.1"
source = { registry = "https://pypi.org/simple" }
sdist = { url = "https://files.pythonhosted.org/packages/a2/87/a6771e1546d97e7e041b6ae58d80074f81b7d5121207425c964ddf5cfdbd/sniffio-1.3.1.tar.gz", hash = "sha256:f4324edc670a0f49750a81b895f35c3adb843cca46f0530f79fc1babb23789dc", size = 20372, upload-time = "2024-02-25T23:20:04.057Z" }
wheels = [
    { url = "https://files.pythonhosted.org/packages/e9/44/75a9c9421471a6c4805dbf2356f7c181a29c1879239abab1ea2cc8f38b40/sniffio-1.3.1-py3-none-any.whl", hash = "sha256:2f6da418d1f1e0fddd844478f41680e794e6051915791a034ff65e5f100525a2", size = 10235, upload-time = "2024-02-25T23:20:01.196Z" },
]

[[package]]
name = "typing-extensions"
version = "4.15.0"
source = { registry = "https://pypi.org/simple" }
sdist = { url = "https://files.pythonhosted.org/packages/72/94/1a15dd82efb362ac84269196e94cf00f187f7ed21c242792a923cdb1c61f/typing_extensions-4.15.0.tar.gz", hash = "sha256:0cea48d173cc12fa28ecabc3b837ea3cf6f38c6d1136f85cbaaf598984861466", size = 109391, upload-time = "2025-08-25T13:49:26.313Z" }
wheels = [
    { url = "https://files.pythonhosted.org/packages/18/67/36e9267722cc04a6b9f15c7f3441c2363321a3ea07da7ae0c0707beb2a9c/typing_extensions-4.15.0-py3-none-any.whl", hash = "sha256:f0fa19c6845758ab08074a0cfa8b7aecb71c999ca73d62883bc25cc018c4e548", size = 44614, upload-time = "2025-08-25T13:49:24.86Z" },
]
